
Microsoft Visual Studio Solution File, Format Version 12.00
# Visual Studio 15
VisualStudioVersion = 15.0.28307.1022
MinimumVisualStudioVersion = 10.0.40219.1
Project("{FAE04EC0-301F-11D3-BF4B-00C04F79EFBC}") = "ThreadingTime", "ThreadingTime\ThreadingTime.csproj", "{E1A4E1D4-75FC-4205-BEF0-0BFA4D3BA9BE}"
EndProject
Global
	GlobalSection(SolutionConfigurationPlatforms) = preSolution
		Debug|Any CPU = Debug|Any CPU
		Release|Any CPU = Release|Any CPU
	EndGlobalSection
	GlobalSection(ProjectConfigurationPlatforms) = postSolution
		{E1A4E1D4-75FC-4205-BEF0-0BFA4D3BA9BE}.Debug|Any CPU.ActiveCfg = Debug|Any CPU
		{E1A4E1D4-75FC-4205-BEF0-0BFA4D3BA9BE}.Debug|Any CPU.Build.0 = Debug|Any CPU
		{E1A4E1D4-75FC-4205-BEF0-0BFA4D3BA9BE}.Release|Any CPU.ActiveCfg = Release|Any CPU
		{E1A4E1D4-75FC-4205-BEF0-0BFA4D3BA9BE}.Release|Any CPU.Build.0 = Release|Any CPU
	EndGlobalSection
	GlobalSection(SolutionProperties) = preSolution
		HideSolutionNode = FALSE
	EndGlobalSection
	GlobalSection(ExtensibilityGlobals) = postSolution
		SolutionGuid = {48806A1D-BC05-4434-BB19-D4890A5A93F2}
	EndGlobalSection
EndGlobal
